{
  "lib/forge-std": {
    "rev": "1801b0541f4fda118a10798fd3486bb7051c5dd6"
  },
  "lib/openzeppelin-contracts": {
    "rev": "a83d9aabbca1ad4be17acba3e1caeca90539d3cc"
  },
  "lib/openzeppelin-contracts-upgradeable": {
    "rev": "81808e30ae760c4d49194f402016223066e81540"
  },
  "lib/openzeppelin-foundry-upgrades": {
    "rev": "cfd861bc18ef4737e82eae6ec75304e27af699ef"
  }
}